
Microsoft Visual Studio Solution File, Format Version 12.00
# Visual Studio 15
Project("{FAE04EC0-301F-11D3-BF4B-00C04F79EFBC}") = "Assembly-CSharp", "Assembly-CSharp.csproj", "{AD2B82A2-67FE-90DC-5A63-9AE42C8AD3B6}"
EndProject
Project("{FAE04EC0-301F-11D3-BF4B-00C04F79EFBC}") = "Assembly-CSharp-firstpass", "Assembly-CSharp-firstpass.csproj", "{3A18892A-6E21-ECC5-80CF-9C47F64686E4}"
EndProject
Project("{FAE04EC0-301F-11D3-BF4B-00C04F79EFBC}") = "Assembly-CSharp-Editor", "Assembly-CSharp-Editor.csproj", "{9EDF1C44-0F72-6534-73D3-D40B7778C44B}"
EndProject
Global
	GlobalSection(SolutionConfigurationPlatforms) = preSolution
		Debug|Any CPU = Debug|Any CPU
		Release|Any CPU = Release|Any CPU
	EndGlobalSection
	GlobalSection(ProjectConfigurationPlatforms) = postSolution
		{AD2B82A2-67FE-90DC-5A63-9AE42C8AD3B6}.Debug|Any CPU.ActiveCfg = Debug|Any CPU
		{AD2B82A2-67FE-90DC-5A63-9AE42C8AD3B6}.Debug|Any CPU.Build.0 = Debug|Any CPU
		{AD2B82A2-67FE-90DC-5A63-9AE42C8AD3B6}.Release|Any CPU.ActiveCfg = Release|Any CPU
		{AD2B82A2-67FE-90DC-5A63-9AE42C8AD3B6}.Release|Any CPU.Build.0 = Release|Any CPU
		{3A18892A-6E21-ECC5-80CF-9C47F64686E4}.Debug|Any CPU.ActiveCfg = Debug|Any CPU
		{3A18892A-6E21-ECC5-80CF-9C47F64686E4}.Debug|Any CPU.Build.0 = Debug|Any CPU
		{3A18892A-6E21-ECC5-80CF-9C47F64686E4}.Release|Any CPU.ActiveCfg = Release|Any CPU
		{3A18892A-6E21-ECC5-80CF-9C47F64686E4}.Release|Any CPU.Build.0 = Release|Any CPU
		{9EDF1C44-0F72-6534-73D3-D40B7778C44B}.Debug|Any CPU.ActiveCfg = Debug|Any CPU
		{9EDF1C44-0F72-6534-73D3-D40B7778C44B}.Debug|Any CPU.Build.0 = Debug|Any CPU
		{9EDF1C44-0F72-6534-73D3-D40B7778C44B}.Release|Any CPU.ActiveCfg = Release|Any CPU
		{9EDF1C44-0F72-6534-73D3-D40B7778C44B}.Release|Any CPU.Build.0 = Release|Any CPU
	EndGlobalSection
	GlobalSection(SolutionProperties) = preSolution
		HideSolutionNode = FALSE
	EndGlobalSection
EndGlobal
